// !$*UTF8*$!
{
	archiveVersion = 1;
	classes = {
	};
	objectVersion = 46;
	objects = {

/* Begin PBXBuildFile section */
		3647D8AE1C5167070051B8C4 /* AppDelegate.swift in Sources */ = {isa = PBXBuildFile; fileRef = 3647D8AD1C5167070051B8C4 /* AppDelegate.swift */; };
		3647D8B01C5167070051B8C4 /* ViewController.swift in Sources */ = {isa = PBXBuildFile; fileRef = 3647D8AF1C5167070051B8C4 /* ViewController.swift */; };
		3647D8B31C5167070051B8C4 /* Main.storyboard in Resources */ = {isa = PBXBuildFile; fileRef = 3647D8B11C5167070051B8C4 /* Main.storyboard */; };
		3647D8B51C5167070051B8C4 /* Assets.xcassets in Resources */ = {isa = PBXBuildFile; fileRef = 3647D8B41C5167070051B8C4 /* Assets.xcassets */; };
		3647D8B81C5167070051B8C4 /* LaunchScreen.storyboard in Resources */ = {isa = PBXBuildFile; fileRef = 3647D8B61C5167070051B8C4 /* LaunchScreen.storyboard */; };
		3647D8E61C516B760051B8C4 /* Models.swift in Sources */ = {isa = PBXBuildFile; fileRef = 3647D8E51C516B760051B8C4 /* Models.swift */; };
/* End PBXBuildFile section */

/* Begin PBXFileReference section */
		3647D8AA1C5167070051B8C4 /* SectionsCustomModelSwift.app */ = {isa = PBXFileReference; explicitFileType = wrapper.application; includeInIndex = 0; path = SectionsCustomModelSwift.app; sourceTree = BUILT_PRODUCTS_DIR; };
		3647D8AD1C5167070051B8C4 /* AppDelegate.swift */ = {isa = PBXFileReference; lastKnownFileType = sourcecode.swift; path = AppDelegate.swift; sourceTree = "<group>"; };
		3647D8AF1C5167070051B8C4 /* ViewController.swift */ = {isa = PBXFileReference; lastKnownFileType = sourcecode.swift; path = ViewController.swift; sourceTree = "<group>"; };
		3647D8B21C5167070051B8C4 /* Base */ = {isa = PBXFileReference; lastKnownFileType = file.storyboard; name = Base; path = Base.lproj/Main.storyboard; sourceTree = "<group>"; };
		3647D8B41C5167070051B8C4 /* Assets.xcassets */ = {isa = PBXFileReference; lastKnownFileType = folder.assetcatalog; path = Assets.xcassets; sourceTree = "<group>"; };
		3647D8B71C5167070051B8C4 /* Base */ = {isa = PBXFileReference; lastKnownFileType = file.storyboard; name = Base; path = Base.lproj/LaunchScreen.storyboard; sourceTree = "<group>"; };
		3647D8B91C5167070051B8C4 /* Info.plist */ = {isa = PBXFileReference; lastKnownFileType = text.plist.xml; path = Info.plist; sourceTree = "<group>"; };
		3647D8E51C516B760051B8C4 /* Models.swift */ = {isa = PBXFileReference; fileEncoding = 4; lastKnownFileType = sourcecode.swift; path = Models.swift; sourceTree = "<group>"; };
/* End PBXFileReference section */

/* Begin PBXFrameworksBuildPhase section */
		3647D8A71C5167070051B8C4 /* Frameworks */ = {
			isa = PBXFrameworksBuildPhase;
			buildActionMask = 2147483647;
			files = (
			);
			runOnlyForDeploymentPostprocessing = 0;
		};
/* End PBXFrameworksBuildPhase section */

/* Begin PBXGroup section */
		3647D8A11C5167070051B8C4 = {
			isa = PBXGroup;
			children = (
				3647D8AC1C5167070051B8C4 /* SectionsCustomModelSwift */,
				3647D8AB1C5167070051B8C4 /* Products */,
			);
			sourceTree = "<group>";
		};
		3647D8AB1C5167070051B8C4 /* Products */ = {
			isa = PBXGroup;
			children = (
				3647D8AA1C5167070051B8C4 /* SectionsCustomModelSwift.app */,
			);
			name = Products;
			sourceTree = "<group>";
		};
		3647D8AC1C5167070051B8C4 /* SectionsCustomModelSwift */ = {
			isa = PBXGroup;
			children = (
				3647D8AD1C5167070051B8C4 /* AppDelegate.swift */,
				3647D8AF1C5167070051B8C4 /* ViewController.swift */,
				3647D8E51C516B760051B8C4 /* Models.swift */,
				3647D8B11C5167070051B8C4 /* Main.storyboard */,
				3647D8B41C5167070051B8C4 /* Assets.xcassets */,
				3647D8B61C5167070051B8C4 /* LaunchScreen.storyboard */,
				3647D8B91C5167070051B8C4 /* Info.plist */,
			);
			path = SectionsCustomModelSwift;
			sourceTree = "<group>";
		};
/* End PBXGroup section */

/* Begin PBXNativeTarget section */
		3647D8A91C5167070051B8C4 /* SectionsCustomModelSwift */ = {
			isa = PBXNativeTarget;
			buildConfigurationList = 3647D8BC1C5167070051B8C4 /* Build configuration list for PBXNativeTarget "SectionsCustomModelSwift" */;
			buildPhases = (
				3647D8A61C5167070051B8C4 /* Sources */,
				3647D8A71C5167070051B8C4 /* Frameworks */,
				3647D8A81C5167070051B8C4 /* Resources */,
			);
			buildRules = (
			);
			dependencies = (
			);
			name = SectionsCustomModelSwift;
			productName = SectionsCustomModelSwift;
			productReference = 3647D8AA1C5167070051B8C4 /* SectionsCustomModelSwift.app */;
			productType = "com.apple.product-type.application";
		};
/* End PBXNativeTarget section */

/* Begin PBXProject section */
		3647D8A21C5167070051B8C4 /* Project object */ = {
			isa = PBXProject;
			attributes = {
				LastSwiftUpdateCheck = 0720;
				LastUpgradeCheck = 0720;
				ORGANIZATIONNAME = "Brian Slick";
				TargetAttributes = {
					3647D8A91C5167070051B8C4 = {
						CreatedOnToolsVersion = 7.2;
					};
				};
			};
			buildConfigurationList = 3647D8A51C5167070051B8C4 /* Build configuration list for PBXProject "SectionsCustomModelSwift" */;
			compatibilityVersion = "Xcode 3.2";
			developmentRegion = English;
			hasScannedForEncodings = 0;
			knownRegions = (
				en,
				Base,
			);
			mainGroup = 3647D8A11C5167070051B8C4;
			productRefGroup = 3647D8AB1C5167070051B8C4 /* Products */;
			projectDirPath = "";
			projectRoot = "";
			targets = (
				3647D8A91C5167070051B8C4 /* SectionsCustomModelSwift */,
			);
		};
/* End PBXProject section */

/* Begin PBXResourcesBuildPhase section */
		3647D8A81C5167070051B8C4 /* Resources */ = {
			isa = PBXResourcesBuildPhase;
			buildActionMask = 2147483647;
			files = (
				3647D8B81C5167070051B8C4 /* LaunchScreen.storyboard in Resources */,
				3647D8B51C5167070051B8C4 /* Assets.xcassets in Resources */,
				3647D8B31C5167070051B8C4 /* Main.storyboard in Resources */,
			);
			runOnlyForDeploymentPostprocessing = 0;
		};
/* End PBXResourcesBuildPhase section */

/* Begin PBXSourcesBuildPhase section */
		3647D8A61C5167070051B8C4 /* Sources */ = {
			isa = PBXSourcesBuildPhase;
			buildActionMask = 2147483647;
			files = (
				3647D8E61C516B760051B8C4 /* Models.swift in Sources */,
				3647D8B01C5167070051B8C4 /* ViewController.swift in Sources */,
				3647D8AE1C5167070051B8C4 /* AppDelegate.swift in Sources */,
			);
			runOnlyForDeploymentPostprocessing = 0;
		};
/* End PBXSourcesBuildPhase section */

/* Begin PBXVariantGroup section */
		3647D8B11C5167070051B8C4 /* Main.storyboard */ = {
			isa = PBXVariantGroup;
			children = (
				3647D8B21C5167070051B8C4 /* Base */,
			);
			name = Main.storyboard;
			sourceTree = "<group>";
		};
		3647D8B61C5167070051B8C4 /* LaunchScreen.storyboard */ = {
			isa = PBXVariantGroup;
			children = (
				3647D8B71C5167070051B8C4 /* Base */,
			);
			name = LaunchScreen.storyboard;
			sourceTree = "<group>";
		};
/* End PBXVariantGroup section */

/* Begin XCBuildConfiguration section */
		3647D8BA1C5167070051B8C4 /* Debug */ = {
			isa = XCBuildConfiguration;
			buildSettings = {
				ALWAYS_SEARCH_USER_PATHS = NO;
				CLANG_CXX_LANGUAGE_STANDARD = "gnu++0x";
				CLANG_CXX_LIBRARY = "libc++";
				CLANG_ENABLE_MODULES = YES;
				CLANG_ENABLE_OBJC_ARC = YES;
				CLANG_WARN_BOOL_CONVERSION = YES;
				CLANG_WARN_CONSTANT_CONVERSION = YES;
				CLANG_WARN_DIRECT_OBJC_ISA_USAGE = YES_ERROR;
				CLANG_WARN_EMPTY_BODY = YES;
				CLANG_WARN_ENUM_CONVERSION = YES;
				CLANG_WARN_INT_CONVERSION = YES;
				CLANG_WARN_OBJC_ROOT_CLASS = YES_ERROR;
				CLANG_WARN_UNREACHABLE_CODE = YES;
				CLANG_WARN__DUPLICATE_METHOD_MATCH = YES;
				"CODE_SIGN_IDENTITY[sdk=iphoneos*]" = "iPhone Developer";
				COPY_PHASE_STRIP = NO;
				DEBUG_INFORMATION_FORMAT = dwarf;
				ENABLE_STRICT_OBJC_MSGSEND = YES;
				ENABLE_TESTABILITY = YES;
				GCC_C_LANGUAGE_STANDARD = gnu99;
				GCC_DYNAMIC_NO_PIC = NO;
				GCC_NO_COMMON_BLOCKS = YES;
				GCC_OPTIMIZATION_LEVEL = 0;
				GCC_PREPROCESSOR_DEFINITIONS = (
					"DEBUG=1",
					"$(inherited)",
				);
				GCC_WARN_64_TO_32_BIT_CONVERSION = YES;
				GCC_WARN_ABOUT_RETURN_TYPE = YES_ERROR;
				GCC_WARN_UNDECLARED_SELECTOR = YES;
				GCC_WARN_UNINITIALIZED_AUTOS = YES_AGGRESSIVE;
				GCC_WARN_UNUSED_FUNCTION = YES;
				GCC_WARN_UNUSED_VARIABLE = YES;
				IPHONEOS_DEPLOYMENT_TARGET = 9.2;
				MTL_ENABLE_DEBUG_INFO = YES;
				ONLY_ACTIVE_ARCH = YES;
				SDKROOT = iphoneos;
				SWIFT_OPTIMIZATION_LEVEL = "-Onone";
			};
			name = Debug;
		};
		3647D8BB1C5167070051B8C4 /* Release */ = {
			isa = XCBuildConfiguration;
			buildSettings = {
				ALWAYS_SEARCH_USER_PATHS = NO;
				CLANG_CXX_LANGUAGE_STANDARD = "gnu++0x";
				CLANG_CXX_LIBRARY = "libc++";
				CLANG_ENABLE_MODULES = YES;
				CLANG_ENABLE_OBJC_ARC = YES;
				CLANG_WARN_BOOL_CONVERSION = YES;
				CLANG_WARN_CONSTANT_CONVERSION = YES;
				CLANG_WARN_DIRECT_OBJC_ISA_USAGE = YES_ERROR;
				CLANG_WARN_EMPTY_BODY = YES;
				CLANG_WARN_ENUM_CONVERSION = YES;
				CLANG_WARN_INT_CONVERSION = YES;
				CLANG_WARN_OBJC_ROOT_CLASS = YES_ERROR;
				CLANG_WARN_UNREACHABLE_CODE = YES;
				CLANG_WARN__DUPLICATE_METHOD_MATCH = YES;
				"CODE_SIGN_IDENTITY[sdk=iphoneos*]" = "iPhone Developer";
				COPY_PHASE_STRIP = NO;
				DEBUG_INFORMATION_FORMAT = "dwarf-with-dsym";
				ENABLE_NS_ASSERTIONS = NO;
				ENABLE_STRICT_OBJC_MSGSEND = YES;
				GCC_C_LANGUAGE_STANDARD = gnu99;
				GCC_NO_COMMON_BLOCKS = YES;
				GCC_WARN_64_TO_32_BIT_CONVERSION = YES;
				GCC_WARN_ABOUT_RETURN_TYPE = YES_ERROR;
				GCC_WARN_UNDECLARED_SELECTOR = YES;
				GCC_WARN_UNINITIALIZED_AUTOS = YES_AGGRESSIVE;
				GCC_WARN_UNUSED_FUNCTION = YES;
				GCC_WARN_UNUSED_VARIABLE = YES;
				IPHONEOS_DEPLOYMENT_TARGET = 9.2;
				MTL_ENABLE_DEBUG_INFO = NO;
				SDKROOT = iphoneos;
				VALIDATE_PRODUCT = YES;
			};
			name = Release;
		};
		3647D8BD1C5167070051B8C4 /* Debug */ = {
			isa = XCBuildConfiguration;
			buildSettings = {
				ASSETCATALOG_COMPILER_APPICON_NAME = AppIcon;
				INFOPLIST_FILE = SectionsCustomModelSwift/Info.plist;
				LD_RUNPATH_SEARCH_PATHS = "$(inherited) @executable_path/Frameworks";
				PRODUCT_BUNDLE_IDENTIFIER = briterideas.com.SectionsCustomModelSwift;
				PRODUCT_NAME = "$(TARGET_NAME)";
			};
			name = Debug;
		};
		3647D8BE1C5167070051B8C4 /* Release */ = {
			isa = XCBuildConfiguration;
			buildSettings = {
				ASSETCATALOG_COMPILER_APPICON_NAME = AppIcon;
				INFOPLIST_FILE = SectionsCustomModelSwift/Info.plist;
				LD_RUNPATH_SEARCH_PATHS = "$(inherited) @executable_path/Frameworks";
				PRODUCT_BUNDLE_IDENTIFIER = briterideas.com.SectionsCustomModelSwift;
				PRODUCT_NAME = "$(TARGET_NAME)";
			};
			name = Release;
		};
/* End XCBuildConfiguration section */

/* Begin XCConfigurationList section */
		3647D8A51C5167070051B8C4 /* Build configuration list for PBXProject "SectionsCustomModelSwift" */ = {
			isa = XCConfigurationList;
			buildConfigurations = (
				3647D8BA1C5167070051B8C4 /* Debug */,
				3647D8BB1C5167070051B8C4 /* Release */,
			);
			defaultConfigurationIsVisible = 0;
			defaultConfigurationName = Release;
		};
		3647D8BC1C5167070051B8C4 /* Build configuration list for PBXNativeTarget "SectionsCustomModelSwift" */ = {
			isa = XCConfigurationList;
			buildConfigurations = (
				3647D8BD1C5167070051B8C4 /* Debug */,
				3647D8BE1C5167070051B8C4 /* Release */,
			);
			defaultConfigurationIsVisible = 0;
		};
/* End XCConfigurationList section */
	};
	rootObject = 3647D8A21C5167070051B8C4 /* Project object */;
}
