// !$*UTF8*$!
{
	archiveVersion = 1;
	classes = {
	};
	objectVersion = 46;
	objects = {

/* Begin PBXBuildFile section */
		36F88FA91C3C5A6D00AF3078 /* main.m in Sources */ = {isa = PBXBuildFile; fileRef = 36F88FA81C3C5A6D00AF3078 /* main.m */; };
		36F88FAC1C3C5A6D00AF3078 /* AppDelegate.m in Sources */ = {isa = PBXBuildFile; fileRef = 36F88FAB1C3C5A6D00AF3078 /* AppDelegate.m */; };
		36F88FAF1C3C5A6D00AF3078 /* ViewController.m in Sources */ = {isa = PBXBuildFile; fileRef = 36F88FAE1C3C5A6D00AF3078 /* ViewController.m */; };
		36F88FB21C3C5A6D00AF3078 /* Main.storyboard in Resources */ = {isa = PBXBuildFile; fileRef = 36F88FB01C3C5A6D00AF3078 /* Main.storyboard */; };
		36F88FB41C3C5A6D00AF3078 /* Assets.xcassets in Resources */ = {isa = PBXBuildFile; fileRef = 36F88FB31C3C5A6D00AF3078 /* Assets.xcassets */; };
		36F88FB71C3C5A6D00AF3078 /* LaunchScreen.storyboard in Resources */ = {isa = PBXBuildFile; fileRef = 36F88FB51C3C5A6D00AF3078 /* LaunchScreen.storyboard */; };
/* End PBXBuildFile section */

/* Begin PBXFileReference section */
		36F88FA41C3C5A6D00AF3078 /* SetupWithObjcCode.app */ = {isa = PBXFileReference; explicitFileType = wrapper.application; includeInIndex = 0; path = SetupWithObjcCode.app; sourceTree = BUILT_PRODUCTS_DIR; };
		36F88FA81C3C5A6D00AF3078 /* main.m */ = {isa = PBXFileReference; lastKnownFileType = sourcecode.c.objc; path = main.m; sourceTree = "<group>"; };
		36F88FAA1C3C5A6D00AF3078 /* AppDelegate.h */ = {isa = PBXFileReference; lastKnownFileType = sourcecode.c.h; path = AppDelegate.h; sourceTree = "<group>"; };
		36F88FAB1C3C5A6D00AF3078 /* AppDelegate.m */ = {isa = PBXFileReference; lastKnownFileType = sourcecode.c.objc; path = AppDelegate.m; sourceTree = "<group>"; };
		36F88FAD1C3C5A6D00AF3078 /* ViewController.h */ = {isa = PBXFileReference; lastKnownFileType = sourcecode.c.h; path = ViewController.h; sourceTree = "<group>"; };
		36F88FAE1C3C5A6D00AF3078 /* ViewController.m */ = {isa = PBXFileReference; lastKnownFileType = sourcecode.c.objc; path = ViewController.m; sourceTree = "<group>"; };
		36F88FB11C3C5A6D00AF3078 /* Base */ = {isa = PBXFileReference; lastKnownFileType = file.storyboard; name = Base; path = Base.lproj/Main.storyboard; sourceTree = "<group>"; };
		36F88FB31C3C5A6D00AF3078 /* Assets.xcassets */ = {isa = PBXFileReference; lastKnownFileType = folder.assetcatalog; path = Assets.xcassets; sourceTree = "<group>"; };
		36F88FB61C3C5A6D00AF3078 /* Base */ = {isa = PBXFileReference; lastKnownFileType = file.storyboard; name = Base; path = Base.lproj/LaunchScreen.storyboard; sourceTree = "<group>"; };
		36F88FB81C3C5A6D00AF3078 /* Info.plist */ = {isa = PBXFileReference; lastKnownFileType = text.plist.xml; path = Info.plist; sourceTree = "<group>"; };
/* End PBXFileReference section */

/* Begin PBXFrameworksBuildPhase section */
		36F88FA11C3C5A6D00AF3078 /* Frameworks */ = {
			isa = PBXFrameworksBuildPhase;
			buildActionMask = 2147483647;
			files = (
			);
			runOnlyForDeploymentPostprocessing = 0;
		};
/* End PBXFrameworksBuildPhase section */

/* Begin PBXGroup section */
		36F88F9B1C3C5A6D00AF3078 = {
			isa = PBXGroup;
			children = (
				36F88FA61C3C5A6D00AF3078 /* SetupWithObjcCode */,
				36F88FA51C3C5A6D00AF3078 /* Products */,
			);
			sourceTree = "<group>";
		};
		36F88FA51C3C5A6D00AF3078 /* Products */ = {
			isa = PBXGroup;
			children = (
				36F88FA41C3C5A6D00AF3078 /* SetupWithObjcCode.app */,
			);
			name = Products;
			sourceTree = "<group>";
		};
		36F88FA61C3C5A6D00AF3078 /* SetupWithObjcCode */ = {
			isa = PBXGroup;
			children = (
				36F88FAA1C3C5A6D00AF3078 /* AppDelegate.h */,
				36F88FAB1C3C5A6D00AF3078 /* AppDelegate.m */,
				36F88FAD1C3C5A6D00AF3078 /* ViewController.h */,
				36F88FAE1C3C5A6D00AF3078 /* ViewController.m */,
				36F88FB01C3C5A6D00AF3078 /* Main.storyboard */,
				36F88FB31C3C5A6D00AF3078 /* Assets.xcassets */,
				36F88FB51C3C5A6D00AF3078 /* LaunchScreen.storyboard */,
				36F88FB81C3C5A6D00AF3078 /* Info.plist */,
				36F88FA71C3C5A6D00AF3078 /* Supporting Files */,
			);
			path = SetupWithObjcCode;
			sourceTree = "<group>";
		};
		36F88FA71C3C5A6D00AF3078 /* Supporting Files */ = {
			isa = PBXGroup;
			children = (
				36F88FA81C3C5A6D00AF3078 /* main.m */,
			);
			name = "Supporting Files";
			sourceTree = "<group>";
		};
/* End PBXGroup section */

/* Begin PBXNativeTarget section */
		36F88FA31C3C5A6D00AF3078 /* SetupWithObjcCode */ = {
			isa = PBXNativeTarget;
			buildConfigurationList = 36F88FBB1C3C5A6D00AF3078 /* Build configuration list for PBXNativeTarget "SetupWithObjcCode" */;
			buildPhases = (
				36F88FA01C3C5A6D00AF3078 /* Sources */,
				36F88FA11C3C5A6D00AF3078 /* Frameworks */,
				36F88FA21C3C5A6D00AF3078 /* Resources */,
			);
			buildRules = (
			);
			dependencies = (
			);
			name = SetupWithObjcCode;
			productName = SetupWithObjcCode;
			productReference = 36F88FA41C3C5A6D00AF3078 /* SetupWithObjcCode.app */;
			productType = "com.apple.product-type.application";
		};
/* End PBXNativeTarget section */

/* Begin PBXProject section */
		36F88F9C1C3C5A6D00AF3078 /* Project object */ = {
			isa = PBXProject;
			attributes = {
				LastUpgradeCheck = 0720;
				ORGANIZATIONNAME = "Brian Slick";
				TargetAttributes = {
					36F88FA31C3C5A6D00AF3078 = {
						CreatedOnToolsVersion = 7.2;
					};
				};
			};
			buildConfigurationList = 36F88F9F1C3C5A6D00AF3078 /* Build configuration list for PBXProject "SetupWithObjcCode" */;
			compatibilityVersion = "Xcode 3.2";
			developmentRegion = English;
			hasScannedForEncodings = 0;
			knownRegions = (
				en,
				Base,
			);
			mainGroup = 36F88F9B1C3C5A6D00AF3078;
			productRefGroup = 36F88FA51C3C5A6D00AF3078 /* Products */;
			projectDirPath = "";
			projectRoot = "";
			targets = (
				36F88FA31C3C5A6D00AF3078 /* SetupWithObjcCode */,
			);
		};
/* End PBXProject section */

/* Begin PBXResourcesBuildPhase section */
		36F88FA21C3C5A6D00AF3078 /* Resources */ = {
			isa = PBXResourcesBuildPhase;
			buildActionMask = 2147483647;
			files = (
				36F88FB71C3C5A6D00AF3078 /* LaunchScreen.storyboard in Resources */,
				36F88FB41C3C5A6D00AF3078 /* Assets.xcassets in Resources */,
				36F88FB21C3C5A6D00AF3078 /* Main.storyboard in Resources */,
			);
			runOnlyForDeploymentPostprocessing = 0;
		};
/* End PBXResourcesBuildPhase section */

/* Begin PBXSourcesBuildPhase section */
		36F88FA01C3C5A6D00AF3078 /* Sources */ = {
			isa = PBXSourcesBuildPhase;
			buildActionMask = 2147483647;
			files = (
				36F88FAF1C3C5A6D00AF3078 /* ViewController.m in Sources */,
				36F88FAC1C3C5A6D00AF3078 /* AppDelegate.m in Sources */,
				36F88FA91C3C5A6D00AF3078 /* main.m in Sources */,
			);
			runOnlyForDeploymentPostprocessing = 0;
		};
/* End PBXSourcesBuildPhase section */

/* Begin PBXVariantGroup section */
		36F88FB01C3C5A6D00AF3078 /* Main.storyboard */ = {
			isa = PBXVariantGroup;
			children = (
				36F88FB11C3C5A6D00AF3078 /* Base */,
			);
			name = Main.storyboard;
			sourceTree = "<group>";
		};
		36F88FB51C3C5A6D00AF3078 /* LaunchScreen.storyboard */ = {
			isa = PBXVariantGroup;
			children = (
				36F88FB61C3C5A6D00AF3078 /* Base */,
			);
			name = LaunchScreen.storyboard;
			sourceTree = "<group>";
		};
/* End PBXVariantGroup section */

/* Begin XCBuildConfiguration section */
		36F88FB91C3C5A6D00AF3078 /* Debug */ = {
			isa = XCBuildConfiguration;
			buildSettings = {
				ALWAYS_SEARCH_USER_PATHS = NO;
				CLANG_CXX_LANGUAGE_STANDARD = "gnu++0x";
				CLANG_CXX_LIBRARY = "libc++";
				CLANG_ENABLE_MODULES = YES;
				CLANG_ENABLE_OBJC_ARC = YES;
				CLANG_WARN_BOOL_CONVERSION = YES;
				CLANG_WARN_CONSTANT_CONVERSION = YES;
				CLANG_WARN_DIRECT_OBJC_ISA_USAGE = YES_ERROR;
				CLANG_WARN_EMPTY_BODY = YES;
				CLANG_WARN_ENUM_CONVERSION = YES;
				CLANG_WARN_INT_CONVERSION = YES;
				CLANG_WARN_OBJC_ROOT_CLASS = YES_ERROR;
				CLANG_WARN_UNREACHABLE_CODE = YES;
				CLANG_WARN__DUPLICATE_METHOD_MATCH = YES;
				"CODE_SIGN_IDENTITY[sdk=iphoneos*]" = "iPhone Developer";
				COPY_PHASE_STRIP = NO;
				DEBUG_INFORMATION_FORMAT = dwarf;
				ENABLE_STRICT_OBJC_MSGSEND = YES;
				ENABLE_TESTABILITY = YES;
				GCC_C_LANGUAGE_STANDARD = gnu99;
				GCC_DYNAMIC_NO_PIC = NO;
				GCC_NO_COMMON_BLOCKS = YES;
				GCC_OPTIMIZATION_LEVEL = 0;
				GCC_PREPROCESSOR_DEFINITIONS = (
					"DEBUG=1",
					"$(inherited)",
				);
				GCC_WARN_64_TO_32_BIT_CONVERSION = YES;
				GCC_WARN_ABOUT_RETURN_TYPE = YES_ERROR;
				GCC_WARN_UNDECLARED_SELECTOR = YES;
				GCC_WARN_UNINITIALIZED_AUTOS = YES_AGGRESSIVE;
				GCC_WARN_UNUSED_FUNCTION = YES;
				GCC_WARN_UNUSED_VARIABLE = YES;
				IPHONEOS_DEPLOYMENT_TARGET = 9.2;
				MTL_ENABLE_DEBUG_INFO = YES;
				ONLY_ACTIVE_ARCH = YES;
				SDKROOT = iphoneos;
			};
			name = Debug;
		};
		36F88FBA1C3C5A6D00AF3078 /* Release */ = {
			isa = XCBuildConfiguration;
			buildSettings = {
				ALWAYS_SEARCH_USER_PATHS = NO;
				CLANG_CXX_LANGUAGE_STANDARD = "gnu++0x";
				CLANG_CXX_LIBRARY = "libc++";
				CLANG_ENABLE_MODULES = YES;
				CLANG_ENABLE_OBJC_ARC = YES;
				CLANG_WARN_BOOL_CONVERSION = YES;
				CLANG_WARN_CONSTANT_CONVERSION = YES;
				CLANG_WARN_DIRECT_OBJC_ISA_USAGE = YES_ERROR;
				CLANG_WARN_EMPTY_BODY = YES;
				CLANG_WARN_ENUM_CONVERSION = YES;
				CLANG_WARN_INT_CONVERSION = YES;
				CLANG_WARN_OBJC_ROOT_CLASS = YES_ERROR;
				CLANG_WARN_UNREACHABLE_CODE = YES;
				CLANG_WARN__DUPLICATE_METHOD_MATCH = YES;
				"CODE_SIGN_IDENTITY[sdk=iphoneos*]" = "iPhone Developer";
				COPY_PHASE_STRIP = NO;
				DEBUG_INFORMATION_FORMAT = "dwarf-with-dsym";
				ENABLE_NS_ASSERTIONS = NO;
				ENABLE_STRICT_OBJC_MSGSEND = YES;
				GCC_C_LANGUAGE_STANDARD = gnu99;
				GCC_NO_COMMON_BLOCKS = YES;
				GCC_WARN_64_TO_32_BIT_CONVERSION = YES;
				GCC_WARN_ABOUT_RETURN_TYPE = YES_ERROR;
				GCC_WARN_UNDECLARED_SELECTOR = YES;
				GCC_WARN_UNINITIALIZED_AUTOS = YES_AGGRESSIVE;
				GCC_WARN_UNUSED_FUNCTION = YES;
				GCC_WARN_UNUSED_VARIABLE = YES;
				IPHONEOS_DEPLOYMENT_TARGET = 9.2;
				MTL_ENABLE_DEBUG_INFO = NO;
				SDKROOT = iphoneos;
				VALIDATE_PRODUCT = YES;
			};
			name = Release;
		};
		36F88FBC1C3C5A6D00AF3078 /* Debug */ = {
			isa = XCBuildConfiguration;
			buildSettings = {
				ASSETCATALOG_COMPILER_APPICON_NAME = AppIcon;
				INFOPLIST_FILE = SetupWithObjcCode/Info.plist;
				LD_RUNPATH_SEARCH_PATHS = "$(inherited) @executable_path/Frameworks";
				PRODUCT_BUNDLE_IDENTIFIER = briterideas.com.SetupWithObjcCode;
				PRODUCT_NAME = "$(TARGET_NAME)";
			};
			name = Debug;
		};
		36F88FBD1C3C5A6D00AF3078 /* Release */ = {
			isa = XCBuildConfiguration;
			buildSettings = {
				ASSETCATALOG_COMPILER_APPICON_NAME = AppIcon;
				INFOPLIST_FILE = SetupWithObjcCode/Info.plist;
				LD_RUNPATH_SEARCH_PATHS = "$(inherited) @executable_path/Frameworks";
				PRODUCT_BUNDLE_IDENTIFIER = briterideas.com.SetupWithObjcCode;
				PRODUCT_NAME = "$(TARGET_NAME)";
			};
			name = Release;
		};
/* End XCBuildConfiguration section */

/* Begin XCConfigurationList section */
		36F88F9F1C3C5A6D00AF3078 /* Build configuration list for PBXProject "SetupWithObjcCode" */ = {
			isa = XCConfigurationList;
			buildConfigurations = (
				36F88FB91C3C5A6D00AF3078 /* Debug */,
				36F88FBA1C3C5A6D00AF3078 /* Release */,
			);
			defaultConfigurationIsVisible = 0;
			defaultConfigurationName = Release;
		};
		36F88FBB1C3C5A6D00AF3078 /* Build configuration list for PBXNativeTarget "SetupWithObjcCode" */ = {
			isa = XCConfigurationList;
			buildConfigurations = (
				36F88FBC1C3C5A6D00AF3078 /* Debug */,
				36F88FBD1C3C5A6D00AF3078 /* Release */,
			);
			defaultConfigurationIsVisible = 0;
		};
/* End XCConfigurationList section */
	};
	rootObject = 36F88F9C1C3C5A6D00AF3078 /* Project object */;
}
