// !$*UTF8*$!
{
	archiveVersion = 1;
	classes = {
	};
	objectVersion = 46;
	objects = {

/* Begin PBXBuildFile section */
		3611701D1C2B33370033331C /* AppDelegate.swift in Sources */ = {isa = PBXBuildFile; fileRef = 3611701C1C2B33370033331C /* AppDelegate.swift */; };
		3611701F1C2B33370033331C /* ViewController.swift in Sources */ = {isa = PBXBuildFile; fileRef = 3611701E1C2B33370033331C /* ViewController.swift */; };
		361170221C2B33370033331C /* Main.storyboard in Resources */ = {isa = PBXBuildFile; fileRef = 361170201C2B33370033331C /* Main.storyboard */; };
		361170241C2B33370033331C /* Assets.xcassets in Resources */ = {isa = PBXBuildFile; fileRef = 361170231C2B33370033331C /* Assets.xcassets */; };
		361170271C2B33370033331C /* LaunchScreen.storyboard in Resources */ = {isa = PBXBuildFile; fileRef = 361170251C2B33370033331C /* LaunchScreen.storyboard */; };
/* End PBXBuildFile section */

/* Begin PBXFileReference section */
		361170191C2B33370033331C /* ConceptScreenshot1.app */ = {isa = PBXFileReference; explicitFileType = wrapper.application; includeInIndex = 0; path = ConceptScreenshot1.app; sourceTree = BUILT_PRODUCTS_DIR; };
		3611701C1C2B33370033331C /* AppDelegate.swift */ = {isa = PBXFileReference; lastKnownFileType = sourcecode.swift; path = AppDelegate.swift; sourceTree = "<group>"; };
		3611701E1C2B33370033331C /* ViewController.swift */ = {isa = PBXFileReference; lastKnownFileType = sourcecode.swift; path = ViewController.swift; sourceTree = "<group>"; };
		361170211C2B33370033331C /* Base */ = {isa = PBXFileReference; lastKnownFileType = file.storyboard; name = Base; path = Base.lproj/Main.storyboard; sourceTree = "<group>"; };
		361170231C2B33370033331C /* Assets.xcassets */ = {isa = PBXFileReference; lastKnownFileType = folder.assetcatalog; path = Assets.xcassets; sourceTree = "<group>"; };
		361170261C2B33370033331C /* Base */ = {isa = PBXFileReference; lastKnownFileType = file.storyboard; name = Base; path = Base.lproj/LaunchScreen.storyboard; sourceTree = "<group>"; };
		361170281C2B33370033331C /* Info.plist */ = {isa = PBXFileReference; lastKnownFileType = text.plist.xml; path = Info.plist; sourceTree = "<group>"; };
/* End PBXFileReference section */

/* Begin PBXFrameworksBuildPhase section */
		361170161C2B33370033331C /* Frameworks */ = {
			isa = PBXFrameworksBuildPhase;
			buildActionMask = 2147483647;
			files = (
			);
			runOnlyForDeploymentPostprocessing = 0;
		};
/* End PBXFrameworksBuildPhase section */

/* Begin PBXGroup section */
		361170101C2B33370033331C = {
			isa = PBXGroup;
			children = (
				3611701B1C2B33370033331C /* ConceptScreenshot1 */,
				3611701A1C2B33370033331C /* Products */,
			);
			sourceTree = "<group>";
		};
		3611701A1C2B33370033331C /* Products */ = {
			isa = PBXGroup;
			children = (
				361170191C2B33370033331C /* ConceptScreenshot1.app */,
			);
			name = Products;
			sourceTree = "<group>";
		};
		3611701B1C2B33370033331C /* ConceptScreenshot1 */ = {
			isa = PBXGroup;
			children = (
				3611701C1C2B33370033331C /* AppDelegate.swift */,
				3611701E1C2B33370033331C /* ViewController.swift */,
				361170201C2B33370033331C /* Main.storyboard */,
				361170231C2B33370033331C /* Assets.xcassets */,
				361170251C2B33370033331C /* LaunchScreen.storyboard */,
				361170281C2B33370033331C /* Info.plist */,
			);
			path = ConceptScreenshot1;
			sourceTree = "<group>";
		};
/* End PBXGroup section */

/* Begin PBXNativeTarget section */
		361170181C2B33370033331C /* ConceptScreenshot1 */ = {
			isa = PBXNativeTarget;
			buildConfigurationList = 3611702B1C2B33370033331C /* Build configuration list for PBXNativeTarget "ConceptScreenshot1" */;
			buildPhases = (
				361170151C2B33370033331C /* Sources */,
				361170161C2B33370033331C /* Frameworks */,
				361170171C2B33370033331C /* Resources */,
			);
			buildRules = (
			);
			dependencies = (
			);
			name = ConceptScreenshot1;
			productName = ConceptScreenshot1;
			productReference = 361170191C2B33370033331C /* ConceptScreenshot1.app */;
			productType = "com.apple.product-type.application";
		};
/* End PBXNativeTarget section */

/* Begin PBXProject section */
		361170111C2B33370033331C /* Project object */ = {
			isa = PBXProject;
			attributes = {
				LastSwiftUpdateCheck = 0720;
				LastUpgradeCheck = 0720;
				ORGANIZATIONNAME = "Brian Slick";
				TargetAttributes = {
					361170181C2B33370033331C = {
						CreatedOnToolsVersion = 7.2;
					};
				};
			};
			buildConfigurationList = 361170141C2B33370033331C /* Build configuration list for PBXProject "ConceptScreenshot1" */;
			compatibilityVersion = "Xcode 3.2";
			developmentRegion = English;
			hasScannedForEncodings = 0;
			knownRegions = (
				en,
				Base,
			);
			mainGroup = 361170101C2B33370033331C;
			productRefGroup = 3611701A1C2B33370033331C /* Products */;
			projectDirPath = "";
			projectRoot = "";
			targets = (
				361170181C2B33370033331C /* ConceptScreenshot1 */,
			);
		};
/* End PBXProject section */

/* Begin PBXResourcesBuildPhase section */
		361170171C2B33370033331C /* Resources */ = {
			isa = PBXResourcesBuildPhase;
			buildActionMask = 2147483647;
			files = (
				361170271C2B33370033331C /* LaunchScreen.storyboard in Resources */,
				361170241C2B33370033331C /* Assets.xcassets in Resources */,
				361170221C2B33370033331C /* Main.storyboard in Resources */,
			);
			runOnlyForDeploymentPostprocessing = 0;
		};
/* End PBXResourcesBuildPhase section */

/* Begin PBXSourcesBuildPhase section */
		361170151C2B33370033331C /* Sources */ = {
			isa = PBXSourcesBuildPhase;
			buildActionMask = 2147483647;
			files = (
				3611701F1C2B33370033331C /* ViewController.swift in Sources */,
				3611701D1C2B33370033331C /* AppDelegate.swift in Sources */,
			);
			runOnlyForDeploymentPostprocessing = 0;
		};
/* End PBXSourcesBuildPhase section */

/* Begin PBXVariantGroup section */
		361170201C2B33370033331C /* Main.storyboard */ = {
			isa = PBXVariantGroup;
			children = (
				361170211C2B33370033331C /* Base */,
			);
			name = Main.storyboard;
			sourceTree = "<group>";
		};
		361170251C2B33370033331C /* LaunchScreen.storyboard */ = {
			isa = PBXVariantGroup;
			children = (
				361170261C2B33370033331C /* Base */,
			);
			name = LaunchScreen.storyboard;
			sourceTree = "<group>";
		};
/* End PBXVariantGroup section */

/* Begin XCBuildConfiguration section */
		361170291C2B33370033331C /* Debug */ = {
			isa = XCBuildConfiguration;
			buildSettings = {
				ALWAYS_SEARCH_USER_PATHS = NO;
				CLANG_CXX_LANGUAGE_STANDARD = "gnu++0x";
				CLANG_CXX_LIBRARY = "libc++";
				CLANG_ENABLE_MODULES = YES;
				CLANG_ENABLE_OBJC_ARC = YES;
				CLANG_WARN_BOOL_CONVERSION = YES;
				CLANG_WARN_CONSTANT_CONVERSION = YES;
				CLANG_WARN_DIRECT_OBJC_ISA_USAGE = YES_ERROR;
				CLANG_WARN_EMPTY_BODY = YES;
				CLANG_WARN_ENUM_CONVERSION = YES;
				CLANG_WARN_INT_CONVERSION = YES;
				CLANG_WARN_OBJC_ROOT_CLASS = YES_ERROR;
				CLANG_WARN_UNREACHABLE_CODE = YES;
				CLANG_WARN__DUPLICATE_METHOD_MATCH = YES;
				"CODE_SIGN_IDENTITY[sdk=iphoneos*]" = "iPhone Developer";
				COPY_PHASE_STRIP = NO;
				DEBUG_INFORMATION_FORMAT = dwarf;
				ENABLE_STRICT_OBJC_MSGSEND = YES;
				ENABLE_TESTABILITY = YES;
				GCC_C_LANGUAGE_STANDARD = gnu99;
				GCC_DYNAMIC_NO_PIC = NO;
				GCC_NO_COMMON_BLOCKS = YES;
				GCC_OPTIMIZATION_LEVEL = 0;
				GCC_PREPROCESSOR_DEFINITIONS = (
					"DEBUG=1",
					"$(inherited)",
				);
				GCC_WARN_64_TO_32_BIT_CONVERSION = YES;
				GCC_WARN_ABOUT_RETURN_TYPE = YES_ERROR;
				GCC_WARN_UNDECLARED_SELECTOR = YES;
				GCC_WARN_UNINITIALIZED_AUTOS = YES_AGGRESSIVE;
				GCC_WARN_UNUSED_FUNCTION = YES;
				GCC_WARN_UNUSED_VARIABLE = YES;
				IPHONEOS_DEPLOYMENT_TARGET = 9.2;
				MTL_ENABLE_DEBUG_INFO = YES;
				ONLY_ACTIVE_ARCH = YES;
				SDKROOT = iphoneos;
				SWIFT_OPTIMIZATION_LEVEL = "-Onone";
			};
			name = Debug;
		};
		3611702A1C2B33370033331C /* Release */ = {
			isa = XCBuildConfiguration;
			buildSettings = {
				ALWAYS_SEARCH_USER_PATHS = NO;
				CLANG_CXX_LANGUAGE_STANDARD = "gnu++0x";
				CLANG_CXX_LIBRARY = "libc++";
				CLANG_ENABLE_MODULES = YES;
				CLANG_ENABLE_OBJC_ARC = YES;
				CLANG_WARN_BOOL_CONVERSION = YES;
				CLANG_WARN_CONSTANT_CONVERSION = YES;
				CLANG_WARN_DIRECT_OBJC_ISA_USAGE = YES_ERROR;
				CLANG_WARN_EMPTY_BODY = YES;
				CLANG_WARN_ENUM_CONVERSION = YES;
				CLANG_WARN_INT_CONVERSION = YES;
				CLANG_WARN_OBJC_ROOT_CLASS = YES_ERROR;
				CLANG_WARN_UNREACHABLE_CODE = YES;
				CLANG_WARN__DUPLICATE_METHOD_MATCH = YES;
				"CODE_SIGN_IDENTITY[sdk=iphoneos*]" = "iPhone Developer";
				COPY_PHASE_STRIP = NO;
				DEBUG_INFORMATION_FORMAT = "dwarf-with-dsym";
				ENABLE_NS_ASSERTIONS = NO;
				ENABLE_STRICT_OBJC_MSGSEND = YES;
				GCC_C_LANGUAGE_STANDARD = gnu99;
				GCC_NO_COMMON_BLOCKS = YES;
				GCC_WARN_64_TO_32_BIT_CONVERSION = YES;
				GCC_WARN_ABOUT_RETURN_TYPE = YES_ERROR;
				GCC_WARN_UNDECLARED_SELECTOR = YES;
				GCC_WARN_UNINITIALIZED_AUTOS = YES_AGGRESSIVE;
				GCC_WARN_UNUSED_FUNCTION = YES;
				GCC_WARN_UNUSED_VARIABLE = YES;
				IPHONEOS_DEPLOYMENT_TARGET = 9.2;
				MTL_ENABLE_DEBUG_INFO = NO;
				SDKROOT = iphoneos;
				VALIDATE_PRODUCT = YES;
			};
			name = Release;
		};
		3611702C1C2B33370033331C /* Debug */ = {
			isa = XCBuildConfiguration;
			buildSettings = {
				ASSETCATALOG_COMPILER_APPICON_NAME = AppIcon;
				INFOPLIST_FILE = ConceptScreenshot1/Info.plist;
				LD_RUNPATH_SEARCH_PATHS = "$(inherited) @executable_path/Frameworks";
				PRODUCT_BUNDLE_IDENTIFIER = briterideas.com.ConceptScreenshot1;
				PRODUCT_NAME = "$(TARGET_NAME)";
			};
			name = Debug;
		};
		3611702D1C2B33370033331C /* Release */ = {
			isa = XCBuildConfiguration;
			buildSettings = {
				ASSETCATALOG_COMPILER_APPICON_NAME = AppIcon;
				INFOPLIST_FILE = ConceptScreenshot1/Info.plist;
				LD_RUNPATH_SEARCH_PATHS = "$(inherited) @executable_path/Frameworks";
				PRODUCT_BUNDLE_IDENTIFIER = briterideas.com.ConceptScreenshot1;
				PRODUCT_NAME = "$(TARGET_NAME)";
			};
			name = Release;
		};
/* End XCBuildConfiguration section */

/* Begin XCConfigurationList section */
		361170141C2B33370033331C /* Build configuration list for PBXProject "ConceptScreenshot1" */ = {
			isa = XCConfigurationList;
			buildConfigurations = (
				361170291C2B33370033331C /* Debug */,
				3611702A1C2B33370033331C /* Release */,
			);
			defaultConfigurationIsVisible = 0;
			defaultConfigurationName = Release;
		};
		3611702B1C2B33370033331C /* Build configuration list for PBXNativeTarget "ConceptScreenshot1" */ = {
			isa = XCConfigurationList;
			buildConfigurations = (
				3611702C1C2B33370033331C /* Debug */,
				3611702D1C2B33370033331C /* Release */,
			);
			defaultConfigurationIsVisible = 0;
		};
/* End XCConfigurationList section */
	};
	rootObject = 361170111C2B33370033331C /* Project object */;
}
