// !$*UTF8*$!
{
	archiveVersion = 1;
	classes = {
	};
	objectVersion = 46;
	objects = {

/* Begin PBXBuildFile section */
		36DE29651C4313D70049AAA8 /* AppDelegate.swift in Sources */ = {isa = PBXBuildFile; fileRef = 36DE29641C4313D70049AAA8 /* AppDelegate.swift */; };
		36DE29671C4313D70049AAA8 /* ViewController.swift in Sources */ = {isa = PBXBuildFile; fileRef = 36DE29661C4313D70049AAA8 /* ViewController.swift */; };
		36DE296A1C4313D70049AAA8 /* Main.storyboard in Resources */ = {isa = PBXBuildFile; fileRef = 36DE29681C4313D70049AAA8 /* Main.storyboard */; };
		36DE296C1C4313D70049AAA8 /* Assets.xcassets in Resources */ = {isa = PBXBuildFile; fileRef = 36DE296B1C4313D70049AAA8 /* Assets.xcassets */; };
		36DE296F1C4313D70049AAA8 /* LaunchScreen.storyboard in Resources */ = {isa = PBXBuildFile; fileRef = 36DE296D1C4313D70049AAA8 /* LaunchScreen.storyboard */; };
/* End PBXBuildFile section */

/* Begin PBXFileReference section */
		36DE29611C4313D70049AAA8 /* BasicDataStructureSwift.app */ = {isa = PBXFileReference; explicitFileType = wrapper.application; includeInIndex = 0; path = BasicDataStructureSwift.app; sourceTree = BUILT_PRODUCTS_DIR; };
		36DE29641C4313D70049AAA8 /* AppDelegate.swift */ = {isa = PBXFileReference; lastKnownFileType = sourcecode.swift; path = AppDelegate.swift; sourceTree = "<group>"; };
		36DE29661C4313D70049AAA8 /* ViewController.swift */ = {isa = PBXFileReference; lastKnownFileType = sourcecode.swift; path = ViewController.swift; sourceTree = "<group>"; };
		36DE29691C4313D70049AAA8 /* Base */ = {isa = PBXFileReference; lastKnownFileType = file.storyboard; name = Base; path = Base.lproj/Main.storyboard; sourceTree = "<group>"; };
		36DE296B1C4313D70049AAA8 /* Assets.xcassets */ = {isa = PBXFileReference; lastKnownFileType = folder.assetcatalog; path = Assets.xcassets; sourceTree = "<group>"; };
		36DE296E1C4313D70049AAA8 /* Base */ = {isa = PBXFileReference; lastKnownFileType = file.storyboard; name = Base; path = Base.lproj/LaunchScreen.storyboard; sourceTree = "<group>"; };
		36DE29701C4313D70049AAA8 /* Info.plist */ = {isa = PBXFileReference; lastKnownFileType = text.plist.xml; path = Info.plist; sourceTree = "<group>"; };
/* End PBXFileReference section */

/* Begin PBXFrameworksBuildPhase section */
		36DE295E1C4313D70049AAA8 /* Frameworks */ = {
			isa = PBXFrameworksBuildPhase;
			buildActionMask = 2147483647;
			files = (
			);
			runOnlyForDeploymentPostprocessing = 0;
		};
/* End PBXFrameworksBuildPhase section */

/* Begin PBXGroup section */
		36DE29581C4313D70049AAA8 = {
			isa = PBXGroup;
			children = (
				36DE29631C4313D70049AAA8 /* BasicDataStructureSwift */,
				36DE29621C4313D70049AAA8 /* Products */,
			);
			sourceTree = "<group>";
		};
		36DE29621C4313D70049AAA8 /* Products */ = {
			isa = PBXGroup;
			children = (
				36DE29611C4313D70049AAA8 /* BasicDataStructureSwift.app */,
			);
			name = Products;
			sourceTree = "<group>";
		};
		36DE29631C4313D70049AAA8 /* BasicDataStructureSwift */ = {
			isa = PBXGroup;
			children = (
				36DE29641C4313D70049AAA8 /* AppDelegate.swift */,
				36DE29661C4313D70049AAA8 /* ViewController.swift */,
				36DE29681C4313D70049AAA8 /* Main.storyboard */,
				36DE296B1C4313D70049AAA8 /* Assets.xcassets */,
				36DE296D1C4313D70049AAA8 /* LaunchScreen.storyboard */,
				36DE29701C4313D70049AAA8 /* Info.plist */,
			);
			path = BasicDataStructureSwift;
			sourceTree = "<group>";
		};
/* End PBXGroup section */

/* Begin PBXNativeTarget section */
		36DE29601C4313D70049AAA8 /* BasicDataStructureSwift */ = {
			isa = PBXNativeTarget;
			buildConfigurationList = 36DE29731C4313D70049AAA8 /* Build configuration list for PBXNativeTarget "BasicDataStructureSwift" */;
			buildPhases = (
				36DE295D1C4313D70049AAA8 /* Sources */,
				36DE295E1C4313D70049AAA8 /* Frameworks */,
				36DE295F1C4313D70049AAA8 /* Resources */,
			);
			buildRules = (
			);
			dependencies = (
			);
			name = BasicDataStructureSwift;
			productName = BasicDataStructureSwift;
			productReference = 36DE29611C4313D70049AAA8 /* BasicDataStructureSwift.app */;
			productType = "com.apple.product-type.application";
		};
/* End PBXNativeTarget section */

/* Begin PBXProject section */
		36DE29591C4313D70049AAA8 /* Project object */ = {
			isa = PBXProject;
			attributes = {
				LastSwiftUpdateCheck = 0720;
				LastUpgradeCheck = 0720;
				ORGANIZATIONNAME = "Brian Slick";
				TargetAttributes = {
					36DE29601C4313D70049AAA8 = {
						CreatedOnToolsVersion = 7.2;
					};
				};
			};
			buildConfigurationList = 36DE295C1C4313D70049AAA8 /* Build configuration list for PBXProject "BasicDataStructureSwift" */;
			compatibilityVersion = "Xcode 3.2";
			developmentRegion = English;
			hasScannedForEncodings = 0;
			knownRegions = (
				en,
				Base,
			);
			mainGroup = 36DE29581C4313D70049AAA8;
			productRefGroup = 36DE29621C4313D70049AAA8 /* Products */;
			projectDirPath = "";
			projectRoot = "";
			targets = (
				36DE29601C4313D70049AAA8 /* BasicDataStructureSwift */,
			);
		};
/* End PBXProject section */

/* Begin PBXResourcesBuildPhase section */
		36DE295F1C4313D70049AAA8 /* Resources */ = {
			isa = PBXResourcesBuildPhase;
			buildActionMask = 2147483647;
			files = (
				36DE296F1C4313D70049AAA8 /* LaunchScreen.storyboard in Resources */,
				36DE296C1C4313D70049AAA8 /* Assets.xcassets in Resources */,
				36DE296A1C4313D70049AAA8 /* Main.storyboard in Resources */,
			);
			runOnlyForDeploymentPostprocessing = 0;
		};
/* End PBXResourcesBuildPhase section */

/* Begin PBXSourcesBuildPhase section */
		36DE295D1C4313D70049AAA8 /* Sources */ = {
			isa = PBXSourcesBuildPhase;
			buildActionMask = 2147483647;
			files = (
				36DE29671C4313D70049AAA8 /* ViewController.swift in Sources */,
				36DE29651C4313D70049AAA8 /* AppDelegate.swift in Sources */,
			);
			runOnlyForDeploymentPostprocessing = 0;
		};
/* End PBXSourcesBuildPhase section */

/* Begin PBXVariantGroup section */
		36DE29681C4313D70049AAA8 /* Main.storyboard */ = {
			isa = PBXVariantGroup;
			children = (
				36DE29691C4313D70049AAA8 /* Base */,
			);
			name = Main.storyboard;
			sourceTree = "<group>";
		};
		36DE296D1C4313D70049AAA8 /* LaunchScreen.storyboard */ = {
			isa = PBXVariantGroup;
			children = (
				36DE296E1C4313D70049AAA8 /* Base */,
			);
			name = LaunchScreen.storyboard;
			sourceTree = "<group>";
		};
/* End PBXVariantGroup section */

/* Begin XCBuildConfiguration section */
		36DE29711C4313D70049AAA8 /* Debug */ = {
			isa = XCBuildConfiguration;
			buildSettings = {
				ALWAYS_SEARCH_USER_PATHS = NO;
				CLANG_CXX_LANGUAGE_STANDARD = "gnu++0x";
				CLANG_CXX_LIBRARY = "libc++";
				CLANG_ENABLE_MODULES = YES;
				CLANG_ENABLE_OBJC_ARC = YES;
				CLANG_WARN_BOOL_CONVERSION = YES;
				CLANG_WARN_CONSTANT_CONVERSION = YES;
				CLANG_WARN_DIRECT_OBJC_ISA_USAGE = YES_ERROR;
				CLANG_WARN_EMPTY_BODY = YES;
				CLANG_WARN_ENUM_CONVERSION = YES;
				CLANG_WARN_INT_CONVERSION = YES;
				CLANG_WARN_OBJC_ROOT_CLASS = YES_ERROR;
				CLANG_WARN_UNREACHABLE_CODE = YES;
				CLANG_WARN__DUPLICATE_METHOD_MATCH = YES;
				"CODE_SIGN_IDENTITY[sdk=iphoneos*]" = "iPhone Developer";
				COPY_PHASE_STRIP = NO;
				DEBUG_INFORMATION_FORMAT = dwarf;
				ENABLE_STRICT_OBJC_MSGSEND = YES;
				ENABLE_TESTABILITY = YES;
				GCC_C_LANGUAGE_STANDARD = gnu99;
				GCC_DYNAMIC_NO_PIC = NO;
				GCC_NO_COMMON_BLOCKS = YES;
				GCC_OPTIMIZATION_LEVEL = 0;
				GCC_PREPROCESSOR_DEFINITIONS = (
					"DEBUG=1",
					"$(inherited)",
				);
				GCC_WARN_64_TO_32_BIT_CONVERSION = YES;
				GCC_WARN_ABOUT_RETURN_TYPE = YES_ERROR;
				GCC_WARN_UNDECLARED_SELECTOR = YES;
				GCC_WARN_UNINITIALIZED_AUTOS = YES_AGGRESSIVE;
				GCC_WARN_UNUSED_FUNCTION = YES;
				GCC_WARN_UNUSED_VARIABLE = YES;
				IPHONEOS_DEPLOYMENT_TARGET = 9.2;
				MTL_ENABLE_DEBUG_INFO = YES;
				ONLY_ACTIVE_ARCH = YES;
				SDKROOT = iphoneos;
				SWIFT_OPTIMIZATION_LEVEL = "-Onone";
			};
			name = Debug;
		};
		36DE29721C4313D70049AAA8 /* Release */ = {
			isa = XCBuildConfiguration;
			buildSettings = {
				ALWAYS_SEARCH_USER_PATHS = NO;
				CLANG_CXX_LANGUAGE_STANDARD = "gnu++0x";
				CLANG_CXX_LIBRARY = "libc++";
				CLANG_ENABLE_MODULES = YES;
				CLANG_ENABLE_OBJC_ARC = YES;
				CLANG_WARN_BOOL_CONVERSION = YES;
				CLANG_WARN_CONSTANT_CONVERSION = YES;
				CLANG_WARN_DIRECT_OBJC_ISA_USAGE = YES_ERROR;
				CLANG_WARN_EMPTY_BODY = YES;
				CLANG_WARN_ENUM_CONVERSION = YES;
				CLANG_WARN_INT_CONVERSION = YES;
				CLANG_WARN_OBJC_ROOT_CLASS = YES_ERROR;
				CLANG_WARN_UNREACHABLE_CODE = YES;
				CLANG_WARN__DUPLICATE_METHOD_MATCH = YES;
				"CODE_SIGN_IDENTITY[sdk=iphoneos*]" = "iPhone Developer";
				COPY_PHASE_STRIP = NO;
				DEBUG_INFORMATION_FORMAT = "dwarf-with-dsym";
				ENABLE_NS_ASSERTIONS = NO;
				ENABLE_STRICT_OBJC_MSGSEND = YES;
				GCC_C_LANGUAGE_STANDARD = gnu99;
				GCC_NO_COMMON_BLOCKS = YES;
				GCC_WARN_64_TO_32_BIT_CONVERSION = YES;
				GCC_WARN_ABOUT_RETURN_TYPE = YES_ERROR;
				GCC_WARN_UNDECLARED_SELECTOR = YES;
				GCC_WARN_UNINITIALIZED_AUTOS = YES_AGGRESSIVE;
				GCC_WARN_UNUSED_FUNCTION = YES;
				GCC_WARN_UNUSED_VARIABLE = YES;
				IPHONEOS_DEPLOYMENT_TARGET = 9.2;
				MTL_ENABLE_DEBUG_INFO = NO;
				SDKROOT = iphoneos;
				VALIDATE_PRODUCT = YES;
			};
			name = Release;
		};
		36DE29741C4313D70049AAA8 /* Debug */ = {
			isa = XCBuildConfiguration;
			buildSettings = {
				ASSETCATALOG_COMPILER_APPICON_NAME = AppIcon;
				INFOPLIST_FILE = BasicDataStructureSwift/Info.plist;
				LD_RUNPATH_SEARCH_PATHS = "$(inherited) @executable_path/Frameworks";
				PRODUCT_BUNDLE_IDENTIFIER = briterideas.com.BasicDataStructureSwift;
				PRODUCT_NAME = "$(TARGET_NAME)";
			};
			name = Debug;
		};
		36DE29751C4313D70049AAA8 /* Release */ = {
			isa = XCBuildConfiguration;
			buildSettings = {
				ASSETCATALOG_COMPILER_APPICON_NAME = AppIcon;
				INFOPLIST_FILE = BasicDataStructureSwift/Info.plist;
				LD_RUNPATH_SEARCH_PATHS = "$(inherited) @executable_path/Frameworks";
				PRODUCT_BUNDLE_IDENTIFIER = briterideas.com.BasicDataStructureSwift;
				PRODUCT_NAME = "$(TARGET_NAME)";
			};
			name = Release;
		};
/* End XCBuildConfiguration section */

/* Begin XCConfigurationList section */
		36DE295C1C4313D70049AAA8 /* Build configuration list for PBXProject "BasicDataStructureSwift" */ = {
			isa = XCConfigurationList;
			buildConfigurations = (
				36DE29711C4313D70049AAA8 /* Debug */,
				36DE29721C4313D70049AAA8 /* Release */,
			);
			defaultConfigurationIsVisible = 0;
			defaultConfigurationName = Release;
		};
		36DE29731C4313D70049AAA8 /* Build configuration list for PBXNativeTarget "BasicDataStructureSwift" */ = {
			isa = XCConfigurationList;
			buildConfigurations = (
				36DE29741C4313D70049AAA8 /* Debug */,
				36DE29751C4313D70049AAA8 /* Release */,
			);
			defaultConfigurationIsVisible = 0;
		};
/* End XCConfigurationList section */
	};
	rootObject = 36DE29591C4313D70049AAA8 /* Project object */;
}
